// !$*UTF8*$!
{
	archiveVersion = 1;
	classes = {
	};
	objectVersion = 77;
	objects = {

/* Begin PBXContainerItemProxy section */
		75A0ABC02E335EA900BBF2A9 /* PBXContainerItemProxy */ = {
			isa = PBXContainerItemProxy;
			containerPortal = 75A0ABAA2E335EA700BBF2A9 /* Project object */;
			proxyType = 1;
			remoteGlobalIDString = 75A0ABB12E335EA700BBF2A9;
			remoteInfo = "haemong-ios";
		};
		75A0ABCA2E335EA900BBF2A9 /* PBXContainerItemProxy */ = {
			isa = PBXContainerItemProxy;
			containerPortal = 75A0ABAA2E335EA700BBF2A9 /* Project object */;
			proxyType = 1;
			remoteGlobalIDString = 75A0ABB12E335EA700BBF2A9;
			remoteInfo = "haemong-ios";
		};
/* End PBXContainerItemProxy section */

/* Begin PBXFileReference section */
		75A0ABB22E335EA700BBF2A9 /* haemong-ios.app */ = {isa = PBXFileReference; explicitFileType = wrapper.application; includeInIndex = 0; path = "haemong-ios.app"; sourceTree = BUILT_PRODUCTS_DIR; };
		75A0ABBF2E335EA900BBF2A9 /* haemong-iosTests.xctest */ = {isa = PBXFileReference; explicitFileType = wrapper.cfbundle; includeInIndex = 0; path = "haemong-iosTests.xctest"; sourceTree = BUILT_PRODUCTS_DIR; };
		75A0ABC92E335EA900BBF2A9 /* haemong-iosUITests.xctest */ = {isa = PBXFileReference; explicitFileType = wrapper.cfbundle; includeInIndex = 0; path = "haemong-iosUITests.xctest"; sourceTree = BUILT_PRODUCTS_DIR; };
/* End PBXFileReference section */

/* Begin PBXFileSystemSynchronizedRootGroup section */
		75A0ABB42E335EA700BBF2A9 /* haemong-ios */ = {
			isa = PBXFileSystemSynchronizedRootGroup;
			path = "haemong-ios";
			sourceTree = "<group>";
		};
		75A0ABC22E335EA900BBF2A9 /* haemong-iosTests */ = {
			isa = PBXFileSystemSynchronizedRootGroup;
			path = "haemong-iosTests";
			sourceTree = "<group>";
		};
		75A0ABCC2E335EA900BBF2A9 /* haemong-iosUITests */ = {
			isa = PBXFileSystemSynchronizedRootGroup;
			path = "haemong-iosUITests";
			sourceTree = "<group>";
		};
/* End PBXFileSystemSynchronizedRootGroup section */

/* Begin PBXFrameworksBuildPhase section */
		75A0ABAF2E335EA700BBF2A9 /* Frameworks */ = {
			isa = PBXFrameworksBuildPhase;
			buildActionMask = 2147483647;
			files = (
			);
			runOnlyForDeploymentPostprocessing = 0;
		};
		75A0ABBC2E335EA900BBF2A9 /* Frameworks */ = {
			isa = PBXFrameworksBuildPhase;
			buildActionMask = 2147483647;
			files = (
			);
			runOnlyForDeploymentPostprocessing = 0;
		};
		75A0ABC62E335EA900BBF2A9 /* Frameworks */ = {
			isa = PBXFrameworksBuildPhase;
			buildActionMask = 2147483647;
			files = (
			);
			runOnlyForDeploymentPostprocessing = 0;
		};
/* End PBXFrameworksBuildPhase section */

/* Begin PBXGroup section */
		75A0ABA92E335EA700BBF2A9 = {
			isa = PBXGroup;
			children = (
				75A0ABB42E335EA700BBF2A9 /* haemong-ios */,
				75A0ABC22E335EA900BBF2A9 /* haemong-iosTests */,
				75A0ABCC2E335EA900BBF2A9 /* haemong-iosUITests */,
				75A0ABB32E335EA700BBF2A9 /* Products */,
			);
			sourceTree = "<group>";
		};
		75A0ABB32E335EA700BBF2A9 /* Products */ = {
			isa = PBXGroup;
			children = (
				75A0ABB22E335EA700BBF2A9 /* haemong-ios.app */,
				75A0ABBF2E335EA900BBF2A9 /* haemong-iosTests.xctest */,
				75A0ABC92E335EA900BBF2A9 /* haemong-iosUITests.xctest */,
			);
			name = Products;
			sourceTree = "<group>";
		};
/* End PBXGroup section */

/* Begin PBXNativeTarget section */
		75A0ABB12E335EA700BBF2A9 /* haemong-ios */ = {
			isa = PBXNativeTarget;
			buildConfigurationList = 75A0ABD32E335EA900BBF2A9 /* Build configuration list for PBXNativeTarget "haemong-ios" */;
			buildPhases = (
				75A0ABAE2E335EA700BBF2A9 /* Sources */,
				75A0ABAF2E335EA700BBF2A9 /* Frameworks */,
				75A0ABB02E335EA700BBF2A9 /* Resources */,
			);
			buildRules = (
			);
			dependencies = (
			);
			fileSystemSynchronizedGroups = (
				75A0ABB42E335EA700BBF2A9 /* haemong-ios */,
			);
			name = "haemong-ios";
			packageProductDependencies = (
			);
			productName = "haemong-ios";
			productReference = 75A0ABB22E335EA700BBF2A9 /* haemong-ios.app */;
			productType = "com.apple.product-type.application";
		};
		75A0ABBE2E335EA900BBF2A9 /* haemong-iosTests */ = {
			isa = PBXNativeTarget;
			buildConfigurationList = 75A0ABD62E335EA900BBF2A9 /* Build configuration list for PBXNativeTarget "haemong-iosTests" */;
			buildPhases = (
				75A0ABBB2E335EA900BBF2A9 /* Sources */,
				75A0ABBC2E335EA900BBF2A9 /* Frameworks */,
				75A0ABBD2E335EA900BBF2A9 /* Resources */,
			);
			buildRules = (
			);
			dependencies = (
				75A0ABC12E335EA900BBF2A9 /* PBXTargetDependency */,
			);
			fileSystemSynchronizedGroups = (
				75A0ABC22E335EA900BBF2A9 /* haemong-iosTests */,
			);
			name = "haemong-iosTests";
			packageProductDependencies = (
			);
			productName = "haemong-iosTests";
			productReference = 75A0ABBF2E335EA900BBF2A9 /* haemong-iosTests.xctest */;
			productType = "com.apple.product-type.bundle.unit-test";
		};
		75A0ABC82E335EA900BBF2A9 /* haemong-iosUITests */ = {
			isa = PBXNativeTarget;
			buildConfigurationList = 75A0ABD92E335EA900BBF2A9 /* Build configuration list for PBXNativeTarget "haemong-iosUITests" */;
			buildPhases = (
				75A0ABC52E335EA900BBF2A9 /* Sources */,
				75A0ABC62E335EA900BBF2A9 /* Frameworks */,
				75A0ABC72E335EA900BBF2A9 /* Resources */,
			);
			buildRules = (
			);
			dependencies = (
				75A0ABCB2E335EA900BBF2A9 /* PBXTargetDependency */,
			);
			fileSystemSynchronizedGroups = (
				75A0ABCC2E335EA900BBF2A9 /* haemong-iosUITests */,
			);
			name = "haemong-iosUITests";
			packageProductDependencies = (
			);
			productName = "haemong-iosUITests";
			productReference = 75A0ABC92E335EA900BBF2A9 /* haemong-iosUITests.xctest */;
			productType = "com.apple.product-type.bundle.ui-testing";
		};
/* End PBXNativeTarget section */

/* Begin PBXProject section */
		75A0ABAA2E335EA700BBF2A9 /* Project object */ = {
			isa = PBXProject;
			attributes = {
				BuildIndependentTargetsInParallel = 1;
				LastSwiftUpdateCheck = 1630;
				LastUpgradeCheck = 1630;
				TargetAttributes = {
					75A0ABB12E335EA700BBF2A9 = {
						CreatedOnToolsVersion = 16.3;
					};
					75A0ABBE2E335EA900BBF2A9 = {
						CreatedOnToolsVersion = 16.3;
						TestTargetID = 75A0ABB12E335EA700BBF2A9;
					};
					75A0ABC82E335EA900BBF2A9 = {
						CreatedOnToolsVersion = 16.3;
						TestTargetID = 75A0ABB12E335EA700BBF2A9;
					};
				};
			};
			buildConfigurationList = 75A0ABAD2E335EA700BBF2A9 /* Build configuration list for PBXProject "haemong-ios" */;
			developmentRegion = en;
			hasScannedForEncodings = 0;
			knownRegions = (
				en,
				Base,
			);
			mainGroup = 75A0ABA92E335EA700BBF2A9;
			minimizedProjectReferenceProxies = 1;
			preferredProjectObjectVersion = 77;
			productRefGroup = 75A0ABB32E335EA700BBF2A9 /* Products */;
			projectDirPath = "";
			projectRoot = "";
			targets = (
				75A0ABB12E335EA700BBF2A9 /* haemong-ios */,
				75A0ABBE2E335EA900BBF2A9 /* haemong-iosTests */,
				75A0ABC82E335EA900BBF2A9 /* haemong-iosUITests */,
			);
		};
/* End PBXProject section */

/* Begin PBXResourcesBuildPhase section */
		75A0ABB02E335EA700BBF2A9 /* Resources */ = {
			isa = PBXResourcesBuildPhase;
			buildActionMask = 2147483647;
			files = (
			);
			runOnlyForDeploymentPostprocessing = 0;
		};
		75A0ABBD2E335EA900BBF2A9 /* Resources */ = {
			isa = PBXResourcesBuildPhase;
			buildActionMask = 2147483647;
			files = (
			);
			runOnlyForDeploymentPostprocessing = 0;
		};
		75A0ABC72E335EA900BBF2A9 /* Resources */ = {
			isa = PBXResourcesBuildPhase;
			buildActionMask = 2147483647;
			files = (
			);
			runOnlyForDeploymentPostprocessing = 0;
		};
/* End PBXResourcesBuildPhase section */

/* Begin PBXSourcesBuildPhase section */
		75A0ABAE2E335EA700BBF2A9 /* Sources */ = {
			isa = PBXSourcesBuildPhase;
			buildActionMask = 2147483647;
			files = (
			);
			runOnlyForDeploymentPostprocessing = 0;
		};
		75A0ABBB2E335EA900BBF2A9 /* Sources */ = {
			isa = PBXSourcesBuildPhase;
			buildActionMask = 2147483647;
			files = (
			);
			runOnlyForDeploymentPostprocessing = 0;
		};
		75A0ABC52E335EA900BBF2A9 /* Sources */ = {
			isa = PBXSourcesBuildPhase;
			buildActionMask = 2147483647;
			files = (
			);
			runOnlyForDeploymentPostprocessing = 0;
		};
/* End PBXSourcesBuildPhase section */

/* Begin PBXTargetDependency section */
		75A0ABC12E335EA900BBF2A9 /* PBXTargetDependency */ = {
			isa = PBXTargetDependency;
			target = 75A0ABB12E335EA700BBF2A9 /* haemong-ios */;
			targetProxy = 75A0ABC02E335EA900BBF2A9 /* PBXContainerItemProxy */;
		};
		75A0ABCB2E335EA900BBF2A9 /* PBXTargetDependency */ = {
			isa = PBXTargetDependency;
			target = 75A0ABB12E335EA700BBF2A9 /* haemong-ios */;
			targetProxy = 75A0ABCA2E335EA900BBF2A9 /* PBXContainerItemProxy */;
		};
/* End PBXTargetDependency section */

/* Begin XCBuildConfiguration section */
		75A0ABD12E335EA900BBF2A9 /* Debug */ = {
			isa = XCBuildConfiguration;
			buildSettings = {
				ALWAYS_SEARCH_USER_PATHS = NO;
				ASSETCATALOG_COMPILER_GENERATE_SWIFT_ASSET_SYMBOL_EXTENSIONS = YES;
				CLANG_ANALYZER_NONNULL = YES;
				CLANG_ANALYZER_NUMBER_OBJECT_CONVERSION = YES_AGGRESSIVE;
				CLANG_CXX_LANGUAGE_STANDARD = "gnu++20";
				CLANG_ENABLE_MODULES = YES;
				CLANG_ENABLE_OBJC_ARC = YES;
				CLANG_ENABLE_OBJC_WEAK = YES;
				CLANG_WARN_BLOCK_CAPTURE_AUTORELEASING = YES;
				CLANG_WARN_BOOL_CONVERSION = YES;
				CLANG_WARN_COMMA = YES;
				CLANG_WARN_CONSTANT_CONVERSION = YES;
				CLANG_WARN_DEPRECATED_OBJC_IMPLEMENTATIONS = YES;
				CLANG_WARN_DIRECT_OBJC_ISA_USAGE = YES_ERROR;
				CLANG_WARN_DOCUMENTATION_COMMENTS = YES;
				CLANG_WARN_EMPTY_BODY = YES;
				CLANG_WARN_ENUM_CONVERSION = YES;
				CLANG_WARN_INFINITE_RECURSION = YES;
				CLANG_WARN_INT_CONVERSION = YES;
				CLANG_WARN_NON_LITERAL_NULL_CONVERSION = YES;
				CLANG_WARN_OBJC_IMPLICIT_RETAIN_SELF = YES;
				CLANG_WARN_OBJC_LITERAL_CONVERSION = YES;
				CLANG_WARN_OBJC_ROOT_CLASS = YES_ERROR;
				CLANG_WARN_QUOTED_INCLUDE_IN_FRAMEWORK_HEADER = YES;
				CLANG_WARN_RANGE_LOOP_ANALYSIS = YES;
				CLANG_WARN_STRICT_PROTOTYPES = YES;
				CLANG_WARN_SUSPICIOUS_MOVE = YES;
				CLANG_WARN_UNGUARDED_AVAILABILITY = YES_AGGRESSIVE;
				CLANG_WARN_UNREACHABLE_CODE = YES;
				CLANG_WARN__DUPLICATE_METHOD_MATCH = YES;
				COPY_PHASE_STRIP = NO;
				DEBUG_INFORMATION_FORMAT = dwarf;
				DEVELOPMENT_TEAM = S36JVGF378;
				ENABLE_STRICT_OBJC_MSGSEND = YES;
				ENABLE_TESTABILITY = YES;
				ENABLE_USER_SCRIPT_SANDBOXING = YES;
				GCC_C_LANGUAGE_STANDARD = gnu17;
				GCC_DYNAMIC_NO_PIC = NO;
				GCC_NO_COMMON_BLOCKS = YES;
				GCC_OPTIMIZATION_LEVEL = 0;
				GCC_PREPROCESSOR_DEFINITIONS = (
					"DEBUG=1",
					"$(inherited)",
				);
				GCC_WARN_64_TO_32_BIT_CONVERSION = YES;
				GCC_WARN_ABOUT_RETURN_TYPE = YES_ERROR;
				GCC_WARN_UNDECLARED_SELECTOR = YES;
				GCC_WARN_UNINITIALIZED_AUTOS = YES_AGGRESSIVE;
				GCC_WARN_UNUSED_FUNCTION = YES;
				GCC_WARN_UNUSED_VARIABLE = YES;
				IPHONEOS_DEPLOYMENT_TARGET = 18.4;
				LOCALIZATION_PREFERS_STRING_CATALOGS = YES;
				MTL_ENABLE_DEBUG_INFO = INCLUDE_SOURCE;
				MTL_FAST_MATH = YES;
				ONLY_ACTIVE_ARCH = YES;
				SDKROOT = iphoneos;
				SWIFT_ACTIVE_COMPILATION_CONDITIONS = "DEBUG $(inherited)";
				SWIFT_OPTIMIZATION_LEVEL = "-Onone";
			};
			name = Debug;
		};
		75A0ABD22E335EA900BBF2A9 /* Release */ = {
			isa = XCBuildConfiguration;
			buildSettings = {
				ALWAYS_SEARCH_USER_PATHS = NO;
				ASSETCATALOG_COMPILER_GENERATE_SWIFT_ASSET_SYMBOL_EXTENSIONS = YES;
				CLANG_ANALYZER_NONNULL = YES;
				CLANG_ANALYZER_NUMBER_OBJECT_CONVERSION = YES_AGGRESSIVE;
				CLANG_CXX_LANGUAGE_STANDARD = "gnu++20";
				CLANG_ENABLE_MODULES = YES;
				CLANG_ENABLE_OBJC_ARC = YES;
				CLANG_ENABLE_OBJC_WEAK = YES;
				CLANG_WARN_BLOCK_CAPTURE_AUTORELEASING = YES;
				CLANG_WARN_BOOL_CONVERSION = YES;
				CLANG_WARN_COMMA = YES;
				CLANG_WARN_CONSTANT_CONVERSION = YES;
				CLANG_WARN_DEPRECATED_OBJC_IMPLEMENTATIONS = YES;
				CLANG_WARN_DIRECT_OBJC_ISA_USAGE = YES_ERROR;
				CLANG_WARN_DOCUMENTATION_COMMENTS = YES;
				CLANG_WARN_EMPTY_BODY = YES;
				CLANG_WARN_ENUM_CONVERSION = YES;
				CLANG_WARN_INFINITE_RECURSION = YES;
				CLANG_WARN_INT_CONVERSION = YES;
				CLANG_WARN_NON_LITERAL_NULL_CONVERSION = YES;
				CLANG_WARN_OBJC_IMPLICIT_RETAIN_SELF = YES;
				CLANG_WARN_OBJC_LITERAL_CONVERSION = YES;
				CLANG_WARN_OBJC_ROOT_CLASS = YES_ERROR;
				CLANG_WARN_QUOTED_INCLUDE_IN_FRAMEWORK_HEADER = YES;
				CLANG_WARN_RANGE_LOOP_ANALYSIS = YES;
				CLANG_WARN_STRICT_PROTOTYPES = YES;
				CLANG_WARN_SUSPICIOUS_MOVE = YES;
				CLANG_WARN_UNGUARDED_AVAILABILITY = YES_AGGRESSIVE;
				CLANG_WARN_UNREACHABLE_CODE = YES;
				CLANG_WARN__DUPLICATE_METHOD_MATCH = YES;
				COPY_PHASE_STRIP = NO;
				DEBUG_INFORMATION_FORMAT = "dwarf-with-dsym";
				DEVELOPMENT_TEAM = S36JVGF378;
				ENABLE_NS_ASSERTIONS = NO;
				ENABLE_STRICT_OBJC_MSGSEND = YES;
				ENABLE_USER_SCRIPT_SANDBOXING = YES;
				GCC_C_LANGUAGE_STANDARD = gnu17;
				GCC_NO_COMMON_BLOCKS = YES;
				GCC_WARN_64_TO_32_BIT_CONVERSION = YES;
				GCC_WARN_ABOUT_RETURN_TYPE = YES_ERROR;
				GCC_WARN_UNDECLARED_SELECTOR = YES;
				GCC_WARN_UNINITIALIZED_AUTOS = YES_AGGRESSIVE;
				GCC_WARN_UNUSED_FUNCTION = YES;
				GCC_WARN_UNUSED_VARIABLE = YES;
				IPHONEOS_DEPLOYMENT_TARGET = 18.4;
				LOCALIZATION_PREFERS_STRING_CATALOGS = YES;
				MTL_ENABLE_DEBUG_INFO = NO;
				MTL_FAST_MATH = YES;
				SDKROOT = iphoneos;
				SWIFT_COMPILATION_MODE = wholemodule;
				VALIDATE_PRODUCT = YES;
			};
			name = Release;
		};
		75A0ABD42E335EA900BBF2A9 /* Debug */ = {
			isa = XCBuildConfiguration;
			buildSettings = {
				ASSETCATALOG_COMPILER_APPICON_NAME = AppIcon;
				ASSETCATALOG_COMPILER_GLOBAL_ACCENT_COLOR_NAME = AccentColor;
				CODE_SIGN_STYLE = Automatic;
				CURRENT_PROJECT_VERSION = 1;
				DEVELOPMENT_TEAM = S36JVGF378;
				ENABLE_PREVIEWS = YES;
				GENERATE_INFOPLIST_FILE = YES;
				INFOPLIST_KEY_UIApplicationSceneManifest_Generation = YES;
				INFOPLIST_KEY_UIApplicationSupportsIndirectInputEvents = YES;
				INFOPLIST_KEY_UILaunchScreen_Generation = YES;
				INFOPLIST_KEY_UISupportedInterfaceOrientations_iPad = "UIInterfaceOrientationPortrait UIInterfaceOrientationPortraitUpsideDown UIInterfaceOrientationLandscapeLeft UIInterfaceOrientationLandscapeRight";
				INFOPLIST_KEY_UISupportedInterfaceOrientations_iPhone = "UIInterfaceOrientationPortrait UIInterfaceOrientationLandscapeLeft UIInterfaceOrientationLandscapeRight";
				LD_RUNPATH_SEARCH_PATHS = (
					"$(inherited)",
					"@executable_path/Frameworks",
				);
				MARKETING_VERSION = 1.0;
				PRODUCT_BUNDLE_IDENTIFIER = "work.liftinnovations.haemong-ios";
				PRODUCT_NAME = "$(TARGET_NAME)";
				SWIFT_EMIT_LOC_STRINGS = YES;
				SWIFT_VERSION = 5.0;
				TARGETED_DEVICE_FAMILY = "1,2";
			};
			name = Debug;
		};
		75A0ABD52E335EA900BBF2A9 /* Release */ = {
			isa = XCBuildConfiguration;
			buildSettings = {
				ASSETCATALOG_COMPILER_APPICON_NAME = AppIcon;
				ASSETCATALOG_COMPILER_GLOBAL_ACCENT_COLOR_NAME = AccentColor;
				CODE_SIGN_STYLE = Automatic;
				CURRENT_PROJECT_VERSION = 1;
				DEVELOPMENT_TEAM = S36JVGF378;
				ENABLE_PREVIEWS = YES;
				GENERATE_INFOPLIST_FILE = YES;
				INFOPLIST_KEY_UIApplicationSceneManifest_Generation = YES;
				INFOPLIST_KEY_UIApplicationSupportsIndirectInputEvents = YES;
				INFOPLIST_KEY_UILaunchScreen_Generation = YES;
				INFOPLIST_KEY_UISupportedInterfaceOrientations_iPad = "UIInterfaceOrientationPortrait UIInterfaceOrientationPortraitUpsideDown UIInterfaceOrientationLandscapeLeft UIInterfaceOrientationLandscapeRight";
				INFOPLIST_KEY_UISupportedInterfaceOrientations_iPhone = "UIInterfaceOrientationPortrait UIInterfaceOrientationLandscapeLeft UIInterfaceOrientationLandscapeRight";
				LD_RUNPATH_SEARCH_PATHS = (
					"$(inherited)",
					"@executable_path/Frameworks",
				);
				MARKETING_VERSION = 1.0;
				PRODUCT_BUNDLE_IDENTIFIER = "work.liftinnovations.haemong-ios";
				PRODUCT_NAME = "$(TARGET_NAME)";
				SWIFT_EMIT_LOC_STRINGS = YES;
				SWIFT_VERSION = 5.0;
				TARGETED_DEVICE_FAMILY = "1,2";
			};
			name = Release;
		};
		75A0ABD72E335EA900BBF2A9 /* Debug */ = {
			isa = XCBuildConfiguration;
			buildSettings = {
				BUNDLE_LOADER = "$(TEST_HOST)";
				CODE_SIGN_STYLE = Automatic;
				CURRENT_PROJECT_VERSION = 1;
				DEVELOPMENT_TEAM = S36JVGF378;
				GENERATE_INFOPLIST_FILE = YES;
				IPHONEOS_DEPLOYMENT_TARGET = 18.4;
				MARKETING_VERSION = 1.0;
				PRODUCT_BUNDLE_IDENTIFIER = "work.liftinnovations.haemong-iosTests";
				PRODUCT_NAME = "$(TARGET_NAME)";
				SWIFT_EMIT_LOC_STRINGS = NO;
				SWIFT_VERSION = 5.0;
				TARGETED_DEVICE_FAMILY = "1,2";
				TEST_HOST = "$(BUILT_PRODUCTS_DIR)/haemong-ios.app/$(BUNDLE_EXECUTABLE_FOLDER_PATH)/haemong-ios";
			};
			name = Debug;
		};
		75A0ABD82E335EA900BBF2A9 /* Release */ = {
			isa = XCBuildConfiguration;
			buildSettings = {
				BUNDLE_LOADER = "$(TEST_HOST)";
				CODE_SIGN_STYLE = Automatic;
				CURRENT_PROJECT_VERSION = 1;
				DEVELOPMENT_TEAM = S36JVGF378;
				GENERATE_INFOPLIST_FILE = YES;
				IPHONEOS_DEPLOYMENT_TARGET = 18.4;
				MARKETING_VERSION = 1.0;
				PRODUCT_BUNDLE_IDENTIFIER = "work.liftinnovations.haemong-iosTests";
				PRODUCT_NAME = "$(TARGET_NAME)";
				SWIFT_EMIT_LOC_STRINGS = NO;
				SWIFT_VERSION = 5.0;
				TARGETED_DEVICE_FAMILY = "1,2";
				TEST_HOST = "$(BUILT_PRODUCTS_DIR)/haemong-ios.app/$(BUNDLE_EXECUTABLE_FOLDER_PATH)/haemong-ios";
			};
			name = Release;
		};
		75A0ABDA2E335EA900BBF2A9 /* Debug */ = {
			isa = XCBuildConfiguration;
			buildSettings = {
				CODE_SIGN_STYLE = Automatic;
				CURRENT_PROJECT_VERSION = 1;
				DEVELOPMENT_TEAM = S36JVGF378;
				GENERATE_INFOPLIST_FILE = YES;
				MARKETING_VERSION = 1.0;
				PRODUCT_BUNDLE_IDENTIFIER = "work.liftinnovations.haemong-iosUITests";
				PRODUCT_NAME = "$(TARGET_NAME)";
				SWIFT_EMIT_LOC_STRINGS = NO;
				SWIFT_VERSION = 5.0;
				TARGETED_DEVICE_FAMILY = "1,2";
				TEST_TARGET_NAME = "haemong-ios";
			};
			name = Debug;
		};
		75A0ABDB2E335EA900BBF2A9 /* Release */ = {
			isa = XCBuildConfiguration;
			buildSettings = {
				CODE_SIGN_STYLE = Automatic;
				CURRENT_PROJECT_VERSION = 1;
				DEVELOPMENT_TEAM = S36JVGF378;
				GENERATE_INFOPLIST_FILE = YES;
				MARKETING_VERSION = 1.0;
				PRODUCT_BUNDLE_IDENTIFIER = "work.liftinnovations.haemong-iosUITests";
				PRODUCT_NAME = "$(TARGET_NAME)";
				SWIFT_EMIT_LOC_STRINGS = NO;
				SWIFT_VERSION = 5.0;
				TARGETED_DEVICE_FAMILY = "1,2";
				TEST_TARGET_NAME = "haemong-ios";
			};
			name = Release;
		};
/* End XCBuildConfiguration section */

/* Begin XCConfigurationList section */
		75A0ABAD2E335EA700BBF2A9 /* Build configuration list for PBXProject "haemong-ios" */ = {
			isa = XCConfigurationList;
			buildConfigurations = (
				75A0ABD12E335EA900BBF2A9 /* Debug */,
				75A0ABD22E335EA900BBF2A9 /* Release */,
			);
			defaultConfigurationIsVisible = 0;
			defaultConfigurationName = Release;
		};
		75A0ABD32E335EA900BBF2A9 /* Build configuration list for PBXNativeTarget "haemong-ios" */ = {
			isa = XCConfigurationList;
			buildConfigurations = (
				75A0ABD42E335EA900BBF2A9 /* Debug */,
				75A0ABD52E335EA900BBF2A9 /* Release */,
			);
			defaultConfigurationIsVisible = 0;
			defaultConfigurationName = Release;
		};
		75A0ABD62E335EA900BBF2A9 /* Build configuration list for PBXNativeTarget "haemong-iosTests" */ = {
			isa = XCConfigurationList;
			buildConfigurations = (
				75A0ABD72E335EA900BBF2A9 /* Debug */,
				75A0ABD82E335EA900BBF2A9 /* Release */,
			);
			defaultConfigurationIsVisible = 0;
			defaultConfigurationName = Release;
		};
		75A0ABD92E335EA900BBF2A9 /* Build configuration list for PBXNativeTarget "haemong-iosUITests" */ = {
			isa = XCConfigurationList;
			buildConfigurations = (
				75A0ABDA2E335EA900BBF2A9 /* Debug */,
				75A0ABDB2E335EA900BBF2A9 /* Release */,
			);
			defaultConfigurationIsVisible = 0;
			defaultConfigurationName = Release;
		};
/* End XCConfigurationList section */
	};
	rootObject = 75A0ABAA2E335EA700BBF2A9 /* Project object */;
}
